
Microsoft Visual Studio Solution File, Format Version 12.00
# Visual Studio Version 17
VisualStudioVersion = 17.7.34031.279
MinimumVisualStudioVersion = 10.0.40219.1
Project("{2150E333-8FDC-42A3-9474-1A3956D46DE8}") = "1. Estructura Blazor Server", "1. Estructura Blazor Server", "{B31E3857-6F2A-4E15-BEE0-20CE5A9A11EE}"
EndProject
Project("{2150E333-8FDC-42A3-9474-1A3956D46DE8}") = "2. Herencia, polimorfismo, encapulación", "2. Herencia, polimorfismo, encapulación", "{AB956430-AA6B-462C-8A8D-9BF1611E53A0}"
EndProject
Project("{9A19103F-16F7-4668-BE54-9A1E7A4F7556}") = "EstructuraBlazorServer", "1. Estructura Blazor Server\EstructuraBlazorServer.csproj", "{E7833122-4C44-4E2D-AA78-B21BF5C39750}"
EndProject
Project("{9A19103F-16F7-4668-BE54-9A1E7A4F7556}") = "HerenciaPolimorfismoEncapsulacion", "2. Herencia, polimorfismo, encapulación\HerenciaPolimorfismoEncapsulacion.csproj", "{FF9DD580-0234-452B-B850-A760BF69E552}"
EndProject
Project("{9A19103F-16F7-4668-BE54-9A1E7A4F7556}") = "HerenciaPolimorfismoEncapsulacion2", "HerenciaPolimorfismoEncapsulacion2\HerenciaPolimorfismoEncapsulacion2.csproj", "{7FA61288-939C-43C6-813C-DE144F7506D0}"
EndProject
Project("{9A19103F-16F7-4668-BE54-9A1E7A4F7556}") = "CuentasBancarias", "CuentasBancarias\CuentasBancarias.csproj", "{2CC143E3-D7A6-4A6F-B4B0-95BEB23744D0}"
EndProject
Project("{9A19103F-16F7-4668-BE54-9A1E7A4F7556}") = "Reproductor", "Reproductor\Reproductor.csproj", "{425D3EFB-C7C8-4344-9569-4344BE5CCC16}"
EndProject
Project("{FAE04EC0-301F-11D3-BF4B-00C04F79EFBC}") = "ReproductorMP3App", "ReproductorMP3App\ReproductorMP3App.csproj", "{4A1AD8CE-EBE6-4335-ACE6-C8F585B6C8A0}"
EndProject
Global
	GlobalSection(SolutionConfigurationPlatforms) = preSolution
		Debug|Any CPU = Debug|Any CPU
		Release|Any CPU = Release|Any CPU
	EndGlobalSection
	GlobalSection(ProjectConfigurationPlatforms) = postSolution
		{E7833122-4C44-4E2D-AA78-B21BF5C39750}.Debug|Any CPU.ActiveCfg = Debug|Any CPU
		{E7833122-4C44-4E2D-AA78-B21BF5C39750}.Debug|Any CPU.Build.0 = Debug|Any CPU
		{E7833122-4C44-4E2D-AA78-B21BF5C39750}.Release|Any CPU.ActiveCfg = Release|Any CPU
		{E7833122-4C44-4E2D-AA78-B21BF5C39750}.Release|Any CPU.Build.0 = Release|Any CPU
		{FF9DD580-0234-452B-B850-A760BF69E552}.Debug|Any CPU.ActiveCfg = Debug|Any CPU
		{FF9DD580-0234-452B-B850-A760BF69E552}.Debug|Any CPU.Build.0 = Debug|Any CPU
		{FF9DD580-0234-452B-B850-A760BF69E552}.Release|Any CPU.ActiveCfg = Release|Any CPU
		{FF9DD580-0234-452B-B850-A760BF69E552}.Release|Any CPU.Build.0 = Release|Any CPU
		{7FA61288-939C-43C6-813C-DE144F7506D0}.Debug|Any CPU.ActiveCfg = Debug|Any CPU
		{7FA61288-939C-43C6-813C-DE144F7506D0}.Debug|Any CPU.Build.0 = Debug|Any CPU
		{7FA61288-939C-43C6-813C-DE144F7506D0}.Release|Any CPU.ActiveCfg = Release|Any CPU
		{7FA61288-939C-43C6-813C-DE144F7506D0}.Release|Any CPU.Build.0 = Release|Any CPU
		{2CC143E3-D7A6-4A6F-B4B0-95BEB23744D0}.Debug|Any CPU.ActiveCfg = Debug|Any CPU
		{2CC143E3-D7A6-4A6F-B4B0-95BEB23744D0}.Debug|Any CPU.Build.0 = Debug|Any CPU
		{2CC143E3-D7A6-4A6F-B4B0-95BEB23744D0}.Release|Any CPU.ActiveCfg = Release|Any CPU
		{2CC143E3-D7A6-4A6F-B4B0-95BEB23744D0}.Release|Any CPU.Build.0 = Release|Any CPU
		{425D3EFB-C7C8-4344-9569-4344BE5CCC16}.Debug|Any CPU.ActiveCfg = Debug|Any CPU
		{425D3EFB-C7C8-4344-9569-4344BE5CCC16}.Debug|Any CPU.Build.0 = Debug|Any CPU
		{425D3EFB-C7C8-4344-9569-4344BE5CCC16}.Release|Any CPU.ActiveCfg = Release|Any CPU
		{425D3EFB-C7C8-4344-9569-4344BE5CCC16}.Release|Any CPU.Build.0 = Release|Any CPU
		{4A1AD8CE-EBE6-4335-ACE6-C8F585B6C8A0}.Debug|Any CPU.ActiveCfg = Debug|Any CPU
		{4A1AD8CE-EBE6-4335-ACE6-C8F585B6C8A0}.Debug|Any CPU.Build.0 = Debug|Any CPU
		{4A1AD8CE-EBE6-4335-ACE6-C8F585B6C8A0}.Release|Any CPU.ActiveCfg = Release|Any CPU
		{4A1AD8CE-EBE6-4335-ACE6-C8F585B6C8A0}.Release|Any CPU.Build.0 = Release|Any CPU
	EndGlobalSection
	GlobalSection(SolutionProperties) = preSolution
		HideSolutionNode = FALSE
	EndGlobalSection
	GlobalSection(NestedProjects) = preSolution
		{E7833122-4C44-4E2D-AA78-B21BF5C39750} = {B31E3857-6F2A-4E15-BEE0-20CE5A9A11EE}
		{FF9DD580-0234-452B-B850-A760BF69E552} = {AB956430-AA6B-462C-8A8D-9BF1611E53A0}
		{7FA61288-939C-43C6-813C-DE144F7506D0} = {AB956430-AA6B-462C-8A8D-9BF1611E53A0}
		{2CC143E3-D7A6-4A6F-B4B0-95BEB23744D0} = {AB956430-AA6B-462C-8A8D-9BF1611E53A0}
		{425D3EFB-C7C8-4344-9569-4344BE5CCC16} = {AB956430-AA6B-462C-8A8D-9BF1611E53A0}
		{4A1AD8CE-EBE6-4335-ACE6-C8F585B6C8A0} = {AB956430-AA6B-462C-8A8D-9BF1611E53A0}
	EndGlobalSection
	GlobalSection(ExtensibilityGlobals) = postSolution
		SolutionGuid = {D0CDED5E-FC76-461D-8904-E0FA19D34E3E}
	EndGlobalSection
EndGlobal
